// !$*UTF8*$!
{
	archiveVersion = 1;
	classes = {
	};
	objectVersion = 42;
	objects = {

/* Begin PBXBuildFile section */
		784D0F3414ACE8A600610BDF /* main.cpp in Sources */ = {isa = PBXBuildFile; fileRef = 784D0F3314ACE8A600610BDF /* main.cpp */; };
		784D0F7114AD060500610BDF /* Hero.cpp in Sources */ = {isa = PBXBuildFile; fileRef = 784D0F7014AD060500610BDF /* Hero.cpp */; };
		784D10D014AF7A6600610BDF /* hero_fall1.png in Resources */ = {isa = PBXBuildFile; fileRef = 784D10C214AF7A6600610BDF /* hero_fall1.png */; };
		784D10D114AF7A6600610BDF /* hero_fall2.png in Resources */ = {isa = PBXBuildFile; fileRef = 784D10C314AF7A6600610BDF /* hero_fall2.png */; };
		784D10D214AF7A6600610BDF /* hero_idle1.png in Resources */ = {isa = PBXBuildFile; fileRef = 784D10C414AF7A6600610BDF /* hero_idle1.png */; };
		784D10D314AF7A6600610BDF /* hero_idle2.png in Resources */ = {isa = PBXBuildFile; fileRef = 784D10C514AF7A6600610BDF /* hero_idle2.png */; };
		784D10D414AF7A6600610BDF /* hero_idle3.png in Resources */ = {isa = PBXBuildFile; fileRef = 784D10C614AF7A6600610BDF /* hero_idle3.png */; };
		784D10D514AF7A6600610BDF /* hero_idle4.png in Resources */ = {isa = PBXBuildFile; fileRef = 784D10C714AF7A6600610BDF /* hero_idle4.png */; };
		784D10D614AF7A6600610BDF /* hero_walkleft1.png in Resources */ = {isa = PBXBuildFile; fileRef = 784D10C814AF7A6600610BDF /* hero_walkleft1.png */; };
		784D10D714AF7A6600610BDF /* hero_walkleft2.png in Resources */ = {isa = PBXBuildFile; fileRef = 784D10C914AF7A6600610BDF /* hero_walkleft2.png */; };
		784D10D814AF7A6600610BDF /* hero_walkleft3.png in Resources */ = {isa = PBXBuildFile; fileRef = 784D10CA14AF7A6600610BDF /* hero_walkleft3.png */; };
		784D10D914AF7A6600610BDF /* hero_walkleft4.png in Resources */ = {isa = PBXBuildFile; fileRef = 784D10CB14AF7A6600610BDF /* hero_walkleft4.png */; };
		784D10DA14AF7A6600610BDF /* hero_walkright1.png in Resources */ = {isa = PBXBuildFile; fileRef = 784D10CC14AF7A6600610BDF /* hero_walkright1.png */; };
		784D10DB14AF7A6600610BDF /* hero_walkright2.png in Resources */ = {isa = PBXBuildFile; fileRef = 784D10CD14AF7A6600610BDF /* hero_walkright2.png */; };
		784D10DC14AF7A6600610BDF /* hero_walkright3.png in Resources */ = {isa = PBXBuildFile; fileRef = 784D10CE14AF7A6600610BDF /* hero_walkright3.png */; };
		784D10DD14AF7A6600610BDF /* hero_walkright4.png in Resources */ = {isa = PBXBuildFile; fileRef = 784D10CF14AF7A6600610BDF /* hero_walkright4.png */; };
		A0072ADE0F1D0EC500B4A594 /* sfml-system.framework in Copy Frameworks */ = {isa = PBXBuildFile; fileRef = A01FB6CB0F07CFF2000AAC7B /* sfml-system.framework */; };
		A0072ADF0F1D0EC500B4A594 /* sfml-window.framework in Copy Frameworks */ = {isa = PBXBuildFile; fileRef = A01FB6CC0F07CFF2000AAC7B /* sfml-window.framework */; };
		A0072AE00F1D0EC500B4A594 /* sfml-graphics.framework in Copy Frameworks */ = {isa = PBXBuildFile; fileRef = A01FB6CA0F07CFF2000AAC7B /* sfml-graphics.framework */; };
		A01FB6CE0F07CFF2000AAC7B /* sfml-graphics.framework in Frameworks */ = {isa = PBXBuildFile; fileRef = A01FB6CA0F07CFF2000AAC7B /* sfml-graphics.framework */; };
		A01FB6CF0F07CFF2000AAC7B /* sfml-system.framework in Frameworks */ = {isa = PBXBuildFile; fileRef = A01FB6CB0F07CFF2000AAC7B /* sfml-system.framework */; };
		A01FB6D00F07CFF2000AAC7B /* sfml-window.framework in Frameworks */ = {isa = PBXBuildFile; fileRef = A01FB6CC0F07CFF2000AAC7B /* sfml-window.framework */; };
/* End PBXBuildFile section */

/* Begin PBXCopyFilesBuildPhase section */
		A0072AF00F1D0EDD00B4A594 /* Copy Frameworks */ = {
			isa = PBXCopyFilesBuildPhase;
			buildActionMask = 2147483647;
			dstPath = "";
			dstSubfolderSpec = 10;
			files = (
				A0072ADE0F1D0EC500B4A594 /* sfml-system.framework in Copy Frameworks */,
				A0072ADF0F1D0EC500B4A594 /* sfml-window.framework in Copy Frameworks */,
				A0072AE00F1D0EC500B4A594 /* sfml-graphics.framework in Copy Frameworks */,
			);
			name = "Copy Frameworks";
			runOnlyForDeploymentPostprocessing = 0;
		};
/* End PBXCopyFilesBuildPhase section */

/* Begin PBXFileReference section */
		784D0F3314ACE8A600610BDF /* main.cpp */ = {isa = PBXFileReference; fileEncoding = 4; lastKnownFileType = sourcecode.cpp.cpp; path = main.cpp; sourceTree = "<group>"; };
		784D0F6F14AD060500610BDF /* Hero.h */ = {isa = PBXFileReference; fileEncoding = 4; lastKnownFileType = sourcecode.c.h; path = Hero.h; sourceTree = "<group>"; };
		784D0F7014AD060500610BDF /* Hero.cpp */ = {isa = PBXFileReference; fileEncoding = 4; lastKnownFileType = sourcecode.cpp.cpp; path = Hero.cpp; sourceTree = "<group>"; };
		784D10C214AF7A6600610BDF /* hero_fall1.png */ = {isa = PBXFileReference; lastKnownFileType = image.png; path = hero_fall1.png; sourceTree = "<group>"; };
		784D10C314AF7A6600610BDF /* hero_fall2.png */ = {isa = PBXFileReference; lastKnownFileType = image.png; path = hero_fall2.png; sourceTree = "<group>"; };
		784D10C414AF7A6600610BDF /* hero_idle1.png */ = {isa = PBXFileReference; lastKnownFileType = image.png; path = hero_idle1.png; sourceTree = "<group>"; };
		784D10C514AF7A6600610BDF /* hero_idle2.png */ = {isa = PBXFileReference; lastKnownFileType = image.png; path = hero_idle2.png; sourceTree = "<group>"; };
		784D10C614AF7A6600610BDF /* hero_idle3.png */ = {isa = PBXFileReference; lastKnownFileType = image.png; path = hero_idle3.png; sourceTree = "<group>"; };
		784D10C714AF7A6600610BDF /* hero_idle4.png */ = {isa = PBXFileReference; lastKnownFileType = image.png; path = hero_idle4.png; sourceTree = "<group>"; };
		784D10C814AF7A6600610BDF /* hero_walkleft1.png */ = {isa = PBXFileReference; lastKnownFileType = image.png; path = hero_walkleft1.png; sourceTree = "<group>"; };
		784D10C914AF7A6600610BDF /* hero_walkleft2.png */ = {isa = PBXFileReference; lastKnownFileType = image.png; path = hero_walkleft2.png; sourceTree = "<group>"; };
		784D10CA14AF7A6600610BDF /* hero_walkleft3.png */ = {isa = PBXFileReference; lastKnownFileType = image.png; path = hero_walkleft3.png; sourceTree = "<group>"; };
		784D10CB14AF7A6600610BDF /* hero_walkleft4.png */ = {isa = PBXFileReference; lastKnownFileType = image.png; path = hero_walkleft4.png; sourceTree = "<group>"; };
		784D10CC14AF7A6600610BDF /* hero_walkright1.png */ = {isa = PBXFileReference; lastKnownFileType = image.png; path = hero_walkright1.png; sourceTree = "<group>"; };
		784D10CD14AF7A6600610BDF /* hero_walkright2.png */ = {isa = PBXFileReference; lastKnownFileType = image.png; path = hero_walkright2.png; sourceTree = "<group>"; };
		784D10CE14AF7A6600610BDF /* hero_walkright3.png */ = {isa = PBXFileReference; lastKnownFileType = image.png; path = hero_walkright3.png; sourceTree = "<group>"; };
		784D10CF14AF7A6600610BDF /* hero_walkright4.png */ = {isa = PBXFileReference; lastKnownFileType = image.png; path = hero_walkright4.png; sourceTree = "<group>"; };
		A01FB6A90F07CF6E000AAC7B /* The-Quest-of-the-Incrementalist.app */ = {isa = PBXFileReference; explicitFileType = wrapper.application; includeInIndex = 0; path = "The-Quest-of-the-Incrementalist.app"; sourceTree = BUILT_PRODUCTS_DIR; };
		A01FB6AC0F07CF6E000AAC7B /* Info.plist */ = {isa = PBXFileReference; lastKnownFileType = text.plist.xml; path = Info.plist; sourceTree = "<group>"; };
		A01FB6CA0F07CFF2000AAC7B /* sfml-graphics.framework */ = {isa = PBXFileReference; lastKnownFileType = wrapper.framework; name = "sfml-graphics.framework"; path = "/Library/Frameworks/sfml-graphics.framework"; sourceTree = "<absolute>"; };
		A01FB6CB0F07CFF2000AAC7B /* sfml-system.framework */ = {isa = PBXFileReference; lastKnownFileType = wrapper.framework; name = "sfml-system.framework"; path = "/Library/Frameworks/sfml-system.framework"; sourceTree = "<absolute>"; };
		A01FB6CC0F07CFF2000AAC7B /* sfml-window.framework */ = {isa = PBXFileReference; lastKnownFileType = wrapper.framework; name = "sfml-window.framework"; path = "/Library/Frameworks/sfml-window.framework"; sourceTree = "<absolute>"; };
		A01FB6CD0F07CFF2000AAC7B /* SFML.framework */ = {isa = PBXFileReference; lastKnownFileType = wrapper.framework; name = SFML.framework; path = /Library/Frameworks/SFML.framework; sourceTree = "<absolute>"; };
/* End PBXFileReference section */

/* Begin PBXFrameworksBuildPhase section */
		A01FB6A70F07CF6E000AAC7B /* Frameworks */ = {
			isa = PBXFrameworksBuildPhase;
			buildActionMask = 2147483647;
			files = (
				A01FB6CE0F07CFF2000AAC7B /* sfml-graphics.framework in Frameworks */,
				A01FB6CF0F07CFF2000AAC7B /* sfml-system.framework in Frameworks */,
				A01FB6D00F07CFF2000AAC7B /* sfml-window.framework in Frameworks */,
			);
			runOnlyForDeploymentPostprocessing = 0;
		};
/* End PBXFrameworksBuildPhase section */

/* Begin PBXGroup section */
		784D0F3214ACE8A600610BDF /* src */ = {
			isa = PBXGroup;
			children = (
				784D0F3314ACE8A600610BDF /* main.cpp */,
				784D0F6F14AD060500610BDF /* Hero.h */,
				784D0F7014AD060500610BDF /* Hero.cpp */,
			);
			path = src;
			sourceTree = "<group>";
		};
		784D10C114AF7A6600610BDF /* res */ = {
			isa = PBXGroup;
			children = (
				784D10C214AF7A6600610BDF /* hero_fall1.png */,
				784D10C314AF7A6600610BDF /* hero_fall2.png */,
				784D10C414AF7A6600610BDF /* hero_idle1.png */,
				784D10C514AF7A6600610BDF /* hero_idle2.png */,
				784D10C614AF7A6600610BDF /* hero_idle3.png */,
				784D10C714AF7A6600610BDF /* hero_idle4.png */,
				784D10C814AF7A6600610BDF /* hero_walkleft1.png */,
				784D10C914AF7A6600610BDF /* hero_walkleft2.png */,
				784D10CA14AF7A6600610BDF /* hero_walkleft3.png */,
				784D10CB14AF7A6600610BDF /* hero_walkleft4.png */,
				784D10CC14AF7A6600610BDF /* hero_walkright1.png */,
				784D10CD14AF7A6600610BDF /* hero_walkright2.png */,
				784D10CE14AF7A6600610BDF /* hero_walkright3.png */,
				784D10CF14AF7A6600610BDF /* hero_walkright4.png */,
			);
			path = res;
			sourceTree = "<group>";
		};
		A01FB69A0F07CF63000AAC7B = {
			isa = PBXGroup;
			children = (
				784D0F3214ACE8A600610BDF /* src */,
				A01FB6B10F07CF7C000AAC7B /* Resources */,
				A01FB6B00F07CF75000AAC7B /* Frameworks */,
				A01FB6AA0F07CF6E000AAC7B /* Products */,
			);
			sourceTree = "<group>";
		};
		A01FB6AA0F07CF6E000AAC7B /* Products */ = {
			isa = PBXGroup;
			children = (
				A01FB6A90F07CF6E000AAC7B /* The-Quest-of-the-Incrementalist.app */,
			);
			name = Products;
			sourceTree = "<group>";
		};
		A01FB6B00F07CF75000AAC7B /* Frameworks */ = {
			isa = PBXGroup;
			children = (
				A01FB6CD0F07CFF2000AAC7B /* SFML.framework */,
				A01FB6CB0F07CFF2000AAC7B /* sfml-system.framework */,
				A01FB6CC0F07CFF2000AAC7B /* sfml-window.framework */,
				A01FB6CA0F07CFF2000AAC7B /* sfml-graphics.framework */,
			);
			name = Frameworks;
			sourceTree = "<group>";
		};
		A01FB6B10F07CF7C000AAC7B /* Resources */ = {
			isa = PBXGroup;
			children = (
				784D10C114AF7A6600610BDF /* res */,
				A01FB6AC0F07CF6E000AAC7B /* Info.plist */,
			);
			name = Resources;
			sourceTree = "<group>";
		};
/* End PBXGroup section */

/* Begin PBXNativeTarget section */
		A01FB6A80F07CF6E000AAC7B /* The-Quest-of-the-Incrementalist */ = {
			isa = PBXNativeTarget;
			buildConfigurationList = A01FB6AF0F07CF6F000AAC7B /* Build configuration list for PBXNativeTarget "The-Quest-of-the-Incrementalist" */;
			buildPhases = (
				A01FB6A50F07CF6E000AAC7B /* Resources */,
				A01FB6A60F07CF6E000AAC7B /* Sources */,
				A01FB6A70F07CF6E000AAC7B /* Frameworks */,
				A0072AF00F1D0EDD00B4A594 /* Copy Frameworks */,
			);
			buildRules = (
			);
			dependencies = (
			);
			name = "The-Quest-of-the-Incrementalist";
			productName = "The-Quest-of-the-Incrementalist";
			productReference = A01FB6A90F07CF6E000AAC7B /* The-Quest-of-the-Incrementalist.app */;
			productType = "com.apple.product-type.application";
		};
/* End PBXNativeTarget section */

/* Begin PBXProject section */
		A01FB69C0F07CF63000AAC7B /* Project object */ = {
			isa = PBXProject;
			buildConfigurationList = A01FB69F0F07CF63000AAC7B /* Build configuration list for PBXProject "The-Quest-of-the-Incrementalist" */;
			compatibilityVersion = "Xcode 2.4";
			developmentRegion = English;
			hasScannedForEncodings = 0;
			knownRegions = (
				English,
				Japanese,
				French,
				German,
			);
			mainGroup = A01FB69A0F07CF63000AAC7B;
			productRefGroup = A01FB6AA0F07CF6E000AAC7B /* Products */;
			projectDirPath = "";
			projectRoot = "";
			targets = (
				A01FB6A80F07CF6E000AAC7B /* The-Quest-of-the-Incrementalist */,
			);
		};
/* End PBXProject section */

/* Begin PBXResourcesBuildPhase section */
		A01FB6A50F07CF6E000AAC7B /* Resources */ = {
			isa = PBXResourcesBuildPhase;
			buildActionMask = 2147483647;
			files = (
				784D10D014AF7A6600610BDF /* hero_fall1.png in Resources */,
				784D10D114AF7A6600610BDF /* hero_fall2.png in Resources */,
				784D10D214AF7A6600610BDF /* hero_idle1.png in Resources */,
				784D10D314AF7A6600610BDF /* hero_idle2.png in Resources */,
				784D10D414AF7A6600610BDF /* hero_idle3.png in Resources */,
				784D10D514AF7A6600610BDF /* hero_idle4.png in Resources */,
				784D10D614AF7A6600610BDF /* hero_walkleft1.png in Resources */,
				784D10D714AF7A6600610BDF /* hero_walkleft2.png in Resources */,
				784D10D814AF7A6600610BDF /* hero_walkleft3.png in Resources */,
				784D10D914AF7A6600610BDF /* hero_walkleft4.png in Resources */,
				784D10DA14AF7A6600610BDF /* hero_walkright1.png in Resources */,
				784D10DB14AF7A6600610BDF /* hero_walkright2.png in Resources */,
				784D10DC14AF7A6600610BDF /* hero_walkright3.png in Resources */,
				784D10DD14AF7A6600610BDF /* hero_walkright4.png in Resources */,
			);
			runOnlyForDeploymentPostprocessing = 0;
		};
/* End PBXResourcesBuildPhase section */

/* Begin PBXSourcesBuildPhase section */
		A01FB6A60F07CF6E000AAC7B /* Sources */ = {
			isa = PBXSourcesBuildPhase;
			buildActionMask = 2147483647;
			files = (
				784D0F3414ACE8A600610BDF /* main.cpp in Sources */,
				784D0F7114AD060500610BDF /* Hero.cpp in Sources */,
			);
			runOnlyForDeploymentPostprocessing = 0;
		};
/* End PBXSourcesBuildPhase section */

/* Begin XCBuildConfiguration section */
		A01FB69D0F07CF63000AAC7B /* Debug */ = {
			isa = XCBuildConfiguration;
			buildSettings = {
				COPY_PHASE_STRIP = NO;
			};
			name = Debug;
		};
		A01FB69E0F07CF63000AAC7B /* Release */ = {
			isa = XCBuildConfiguration;
			buildSettings = {
				COPY_PHASE_STRIP = YES;
			};
			name = Release;
		};
		A01FB6AD0F07CF6F000AAC7B /* Debug */ = {
			isa = XCBuildConfiguration;
			buildSettings = {
				ALWAYS_SEARCH_USER_PATHS = NO;
				COPY_PHASE_STRIP = NO;
				GCC_DYNAMIC_NO_PIC = NO;
				GCC_ENABLE_FIX_AND_CONTINUE = YES;
				GCC_MODEL_TUNING = G5;
				GCC_OPTIMIZATION_LEVEL = 0;
				INFOPLIST_FILE = Info.plist;
				INSTALL_PATH = "$(HOME)/Applications";
				PREBINDING = NO;
				PRODUCT_NAME = "The-Quest-of-the-Incrementalist";
			};
			name = Debug;
		};
		A01FB6AE0F07CF6F000AAC7B /* Release */ = {
			isa = XCBuildConfiguration;
			buildSettings = {
				ALWAYS_SEARCH_USER_PATHS = NO;
				COPY_PHASE_STRIP = YES;
				DEBUG_INFORMATION_FORMAT = "dwarf-with-dsym";
				GCC_ENABLE_FIX_AND_CONTINUE = NO;
				GCC_MODEL_TUNING = G5;
				INFOPLIST_FILE = Info.plist;
				INSTALL_PATH = "$(HOME)/Applications";
				PREBINDING = NO;
				PRODUCT_NAME = "The-Quest-of-the-Incrementalist";
				ZERO_LINK = NO;
			};
			name = Release;
		};
/* End XCBuildConfiguration section */

/* Begin XCConfigurationList section */
		A01FB69F0F07CF63000AAC7B /* Build configuration list for PBXProject "The-Quest-of-the-Incrementalist" */ = {
			isa = XCConfigurationList;
			buildConfigurations = (
				A01FB69D0F07CF63000AAC7B /* Debug */,
				A01FB69E0F07CF63000AAC7B /* Release */,
			);
			defaultConfigurationIsVisible = 0;
			defaultConfigurationName = Release;
		};
		A01FB6AF0F07CF6F000AAC7B /* Build configuration list for PBXNativeTarget "The-Quest-of-the-Incrementalist" */ = {
			isa = XCConfigurationList;
			buildConfigurations = (
				A01FB6AD0F07CF6F000AAC7B /* Debug */,
				A01FB6AE0F07CF6F000AAC7B /* Release */,
			);
			defaultConfigurationIsVisible = 0;
			defaultConfigurationName = Release;
		};
/* End XCConfigurationList section */
	};
	rootObject = A01FB69C0F07CF63000AAC7B /* Project object */;
}
